<?xml version="1.0" encoding="UTF-8"?>
<CodeBlocks_project_file>
	<FileVersion major="1" minor="6"/>
	<Project>
		<Option title="Assignment2"/>
		<Option makefile_is_custom="1"/>
		<Option compiler="gcc"/>
		<Option virtualFolders="CMake Files\;CMake Files\..\;CMake Files\..\..\;CMake Files\..\..\..\;CMake Files\..\..\..\..\;CMake Files\..\..\..\..\..\;CMake Files\..\..\..\..\..\usr\;CMake Files\..\..\..\..\..\usr\lib\;CMake Files\..\..\..\..\..\usr\lib\cmake\;CMake Files\..\..\..\..\..\usr\lib\cmake\glm\;"/>
		<Build>
			<Target title="all">
				<Option working_dir="/home/levanin/COSC363/project/Assignment 2"/>
				<Option type="4"/>
				<MakeCommands>
					<Build command="/usr/bin/make -j8 -f &quot;/home/levanin/COSC363/project/Assignment\ 2/Makefile&quot;  VERBOSE=1 all"/>
					<CompileFile command="/usr/bin/make -j8 -f &quot;/home/levanin/COSC363/project/Assignment\ 2/Makefile&quot;  VERBOSE=1 &quot;$file&quot;"/>
					<Clean command="/usr/bin/make -j8 -f &quot;/home/levanin/COSC363/project/Assignment\ 2/Makefile&quot;  VERBOSE=1 clean"/>
					<DistClean command="/usr/bin/make -j8 -f &quot;/home/levanin/COSC363/project/Assignment\ 2/Makefile&quot;  VERBOSE=1 clean"/>
				</MakeCommands>
			</Target>
			<Target title="rebuild_cache">
				<Option working_dir="/home/levanin/COSC363/project/Assignment 2"/>
				<Option type="4"/>
				<MakeCommands>
					<Build command="/usr/bin/make -j8 -f &quot;/home/levanin/COSC363/project/Assignment\ 2/Makefile&quot;  VERBOSE=1 rebuild_cache"/>
					<CompileFile command="/usr/bin/make -j8 -f &quot;/home/levanin/COSC363/project/Assignment\ 2/Makefile&quot;  VERBOSE=1 &quot;$file&quot;"/>
					<Clean command="/usr/bin/make -j8 -f &quot;/home/levanin/COSC363/project/Assignment\ 2/Makefile&quot;  VERBOSE=1 clean"/>
					<DistClean command="/usr/bin/make -j8 -f &quot;/home/levanin/COSC363/project/Assignment\ 2/Makefile&quot;  VERBOSE=1 clean"/>
				</MakeCommands>
			</Target>
			<Target title="RayTracer.out">
				<Option output="/home/levanin/COSC363/project/Assignment 2/RayTracer.out" prefix_auto="0" extension_auto="0"/>
				<Option working_dir="/home/levanin/COSC363/project/Assignment 2"/>
				<Option object_output="./"/>
				<Option type="1"/>
				<Option compiler="gcc"/>
				<Compiler>
					<Add directory="/usr/include/c++/7"/>
					<Add directory="/usr/include/x86_64-linux-gnu/c++/7"/>
					<Add directory="/usr/include/c++/7/backward"/>
					<Add directory="/usr/lib/gcc/x86_64-linux-gnu/7/include"/>
					<Add directory="/usr/local/include"/>
					<Add directory="/usr/lib/gcc/x86_64-linux-gnu/7/include-fixed"/>
					<Add directory="/usr/include/x86_64-linux-gnu"/>
					<Add directory="/usr/include"/>
				</Compiler>
				<MakeCommands>
					<Build command="/usr/bin/make -j8 -f &quot;/home/levanin/COSC363/project/Assignment\ 2/Makefile&quot;  VERBOSE=1 RayTracer.out"/>
					<CompileFile command="/usr/bin/make -j8 -f &quot;/home/levanin/COSC363/project/Assignment\ 2/Makefile&quot;  VERBOSE=1 &quot;$file&quot;"/>
					<Clean command="/usr/bin/make -j8 -f &quot;/home/levanin/COSC363/project/Assignment\ 2/Makefile&quot;  VERBOSE=1 clean"/>
					<DistClean command="/usr/bin/make -j8 -f &quot;/home/levanin/COSC363/project/Assignment\ 2/Makefile&quot;  VERBOSE=1 clean"/>
				</MakeCommands>
			</Target>
			<Target title="RayTracer.out/fast">
				<Option output="/home/levanin/COSC363/project/Assignment 2/RayTracer.out" prefix_auto="0" extension_auto="0"/>
				<Option working_dir="/home/levanin/COSC363/project/Assignment 2"/>
				<Option object_output="./"/>
				<Option type="1"/>
				<Option compiler="gcc"/>
				<Compiler>
					<Add directory="/usr/include/c++/7"/>
					<Add directory="/usr/include/x86_64-linux-gnu/c++/7"/>
					<Add directory="/usr/include/c++/7/backward"/>
					<Add directory="/usr/lib/gcc/x86_64-linux-gnu/7/include"/>
					<Add directory="/usr/local/include"/>
					<Add directory="/usr/lib/gcc/x86_64-linux-gnu/7/include-fixed"/>
					<Add directory="/usr/include/x86_64-linux-gnu"/>
					<Add directory="/usr/include"/>
				</Compiler>
				<MakeCommands>
					<Build command="/usr/bin/make -j8 -f &quot;/home/levanin/COSC363/project/Assignment\ 2/Makefile&quot;  VERBOSE=1 RayTracer.out/fast"/>
					<CompileFile command="/usr/bin/make -j8 -f &quot;/home/levanin/COSC363/project/Assignment\ 2/Makefile&quot;  VERBOSE=1 &quot;$file&quot;"/>
					<Clean command="/usr/bin/make -j8 -f &quot;/home/levanin/COSC363/project/Assignment\ 2/Makefile&quot;  VERBOSE=1 clean"/>
					<DistClean command="/usr/bin/make -j8 -f &quot;/home/levanin/COSC363/project/Assignment\ 2/Makefile&quot;  VERBOSE=1 clean"/>
				</MakeCommands>
			</Target>
			<Target title="edit_cache">
				<Option working_dir="/home/levanin/COSC363/project/Assignment 2"/>
				<Option type="4"/>
				<MakeCommands>
					<Build command="/usr/bin/make -j8 -f &quot;/home/levanin/COSC363/project/Assignment\ 2/Makefile&quot;  VERBOSE=1 edit_cache"/>
					<CompileFile command="/usr/bin/make -j8 -f &quot;/home/levanin/COSC363/project/Assignment\ 2/Makefile&quot;  VERBOSE=1 &quot;$file&quot;"/>
					<Clean command="/usr/bin/make -j8 -f &quot;/home/levanin/COSC363/project/Assignment\ 2/Makefile&quot;  VERBOSE=1 clean"/>
					<DistClean command="/usr/bin/make -j8 -f &quot;/home/levanin/COSC363/project/Assignment\ 2/Makefile&quot;  VERBOSE=1 clean"/>
				</MakeCommands>
			</Target>
		</Build>
		<Unit filename="/home/levanin/COSC363/project/Assignment 2/Cone.cpp">
			<Option target="RayTracer.out"/>
		</Unit>
		<Unit filename="/home/levanin/COSC363/project/Assignment 2/Cone.h">
			<Option target="RayTracer.out"/>
		</Unit>
		<Unit filename="/home/levanin/COSC363/project/Assignment 2/Plane.cpp">
			<Option target="RayTracer.out"/>
		</Unit>
		<Unit filename="/home/levanin/COSC363/project/Assignment 2/Plane.h">
			<Option target="RayTracer.out"/>
		</Unit>
		<Unit filename="/home/levanin/COSC363/project/Assignment 2/Ray.cpp">
			<Option target="RayTracer.out"/>
		</Unit>
		<Unit filename="/home/levanin/COSC363/project/Assignment 2/Ray.h">
			<Option target="RayTracer.out"/>
		</Unit>
		<Unit filename="/home/levanin/COSC363/project/Assignment 2/RayTracer.cpp">
			<Option target="RayTracer.out"/>
		</Unit>
		<Unit filename="/home/levanin/COSC363/project/Assignment 2/SceneObject.cpp">
			<Option target="RayTracer.out"/>
		</Unit>
		<Unit filename="/home/levanin/COSC363/project/Assignment 2/SceneObject.h">
			<Option target="RayTracer.out"/>
		</Unit>
		<Unit filename="/home/levanin/COSC363/project/Assignment 2/Sphere.cpp">
			<Option target="RayTracer.out"/>
		</Unit>
		<Unit filename="/home/levanin/COSC363/project/Assignment 2/Sphere.h">
			<Option target="RayTracer.out"/>
		</Unit>
		<Unit filename="/home/levanin/COSC363/project/Assignment 2/TextureBMP.cpp">
			<Option target="RayTracer.out"/>
		</Unit>
		<Unit filename="/home/levanin/COSC363/project/Assignment 2/TextureBMP.h">
			<Option target="RayTracer.out"/>
		</Unit>
		<Unit filename="/home/levanin/COSC363/project/Assignment 2/CMakeLists.txt">
			<Option virtualFolder="CMake Files\"/>
		</Unit>
		<Unit filename="/home/levanin/COSC363/project/Assignment 2/../../../../../usr/lib/cmake/glm/glmConfig.cmake">
			<Option virtualFolder="CMake Files\..\..\..\..\..\usr\lib\cmake\glm\"/>
		</Unit>
		<Unit filename="/home/levanin/COSC363/project/Assignment 2/../../../../../usr/lib/cmake/glm/glmConfigVersion.cmake">
			<Option virtualFolder="CMake Files\..\..\..\..\..\usr\lib\cmake\glm\"/>
		</Unit>
		<Unit filename="/home/levanin/COSC363/project/Assignment 2/../../../../../usr/lib/cmake/glm/glmTargets.cmake">
			<Option virtualFolder="CMake Files\..\..\..\..\..\usr\lib\cmake\glm\"/>
		</Unit>
	</Project>
</CodeBlocks_project_file>
